
Microsoft Visual Studio Solution File, Format Version 12.00
# Visual Studio Version 17
VisualStudioVersion = 17.3.32922.545
MinimumVisualStudioVersion = 10.0.40219.1
Project("{9A19103F-16F7-4668-BE54-9A1E7A4F7556}") = "hopkins.tech.Server", "Server\hopkins.tech.Server.csproj", "{8C3C717F-1E04-4695-A814-BBFA95E75CA8}"
EndProject
Project("{9A19103F-16F7-4668-BE54-9A1E7A4F7556}") = "hopkins.tech.Client", "Client\hopkins.tech.Client.csproj", "{302449AA-3D09-4313-9AAF-193C988E027C}"
EndProject
Project("{9A19103F-16F7-4668-BE54-9A1E7A4F7556}") = "hopkins.tech.Shared", "Shared\hopkins.tech.Shared.csproj", "{32EDB46A-3A34-4296-A492-60F6E0F5DF6E}"
EndProject
Project("{E53339B2-1760-4266-BCC7-CA923CBCF16C}") = "docker-compose", "docker-compose.dcproj", "{D42EEB15-6530-40BE-AE7D-FA0B1C8E2088}"
EndProject
Global
	GlobalSection(SolutionConfigurationPlatforms) = preSolution
		Debug|Any CPU = Debug|Any CPU
		Release|Any CPU = Release|Any CPU
	EndGlobalSection
	GlobalSection(ProjectConfigurationPlatforms) = postSolution
		{8C3C717F-1E04-4695-A814-BBFA95E75CA8}.Debug|Any CPU.ActiveCfg = Debug|Any CPU
		{8C3C717F-1E04-4695-A814-BBFA95E75CA8}.Debug|Any CPU.Build.0 = Debug|Any CPU
		{8C3C717F-1E04-4695-A814-BBFA95E75CA8}.Release|Any CPU.ActiveCfg = Release|Any CPU
		{8C3C717F-1E04-4695-A814-BBFA95E75CA8}.Release|Any CPU.Build.0 = Release|Any CPU
		{302449AA-3D09-4313-9AAF-193C988E027C}.Debug|Any CPU.ActiveCfg = Debug|Any CPU
		{302449AA-3D09-4313-9AAF-193C988E027C}.Debug|Any CPU.Build.0 = Debug|Any CPU
		{302449AA-3D09-4313-9AAF-193C988E027C}.Release|Any CPU.ActiveCfg = Release|Any CPU
		{302449AA-3D09-4313-9AAF-193C988E027C}.Release|Any CPU.Build.0 = Release|Any CPU
		{32EDB46A-3A34-4296-A492-60F6E0F5DF6E}.Debug|Any CPU.ActiveCfg = Debug|Any CPU
		{32EDB46A-3A34-4296-A492-60F6E0F5DF6E}.Debug|Any CPU.Build.0 = Debug|Any CPU
		{32EDB46A-3A34-4296-A492-60F6E0F5DF6E}.Release|Any CPU.ActiveCfg = Release|Any CPU
		{32EDB46A-3A34-4296-A492-60F6E0F5DF6E}.Release|Any CPU.Build.0 = Release|Any CPU
		{D42EEB15-6530-40BE-AE7D-FA0B1C8E2088}.Debug|Any CPU.ActiveCfg = Debug|Any CPU
		{D42EEB15-6530-40BE-AE7D-FA0B1C8E2088}.Debug|Any CPU.Build.0 = Debug|Any CPU
		{D42EEB15-6530-40BE-AE7D-FA0B1C8E2088}.Release|Any CPU.ActiveCfg = Release|Any CPU
		{D42EEB15-6530-40BE-AE7D-FA0B1C8E2088}.Release|Any CPU.Build.0 = Release|Any CPU
	EndGlobalSection
	GlobalSection(SolutionProperties) = preSolution
		HideSolutionNode = FALSE
	EndGlobalSection
	GlobalSection(ExtensibilityGlobals) = postSolution
		SolutionGuid = {A7D0518D-F16F-4E62-A505-9D9AFD20D1A4}
	EndGlobalSection
EndGlobal
